<?xml version="1.0" encoding="utf-8"?>
<Project ToolsVersion="4.0" xmlns="http://schemas.microsoft.com/developer/msbuild/2003">
  <ItemGroup>
    <Filter Include="Archivos de origen">
      <UniqueIdentifier>{4FC737F1-C7A5-4376-A066-2A32D752A2FF}</UniqueIdentifier>
      <Extensions>cpp;c;cc;cxx;c++;cppm;ixx;def;odl;idl;hpj;bat;asm;asmx</Extensions>
    </Filter>
    <Filter Include="Archivos de encabezado">
      <UniqueIdentifier>{93995380-89BD-4b04-88EB-625FBE52EBFB}</UniqueIdentifier>
      <Extensions>h;hh;hpp;hxx;h++;hm;inl;inc;ipp;xsd</Extensions>
    </Filter>
    <Filter Include="Archivos de recursos">
      <UniqueIdentifier>{67DA6AB6-F800-4c08-8B7A-83BB121AAD01}</UniqueIdentifier>
      <Extensions>rc;ico;cur;bmp;dlg;rc2;rct;bin;rgs;gif;jpg;jpeg;jpe;resx;tiff;tif;png;wav;mfcribbon-ms</Extensions>
    </Filter>
    <Filter Include="Archivos de encabezado\Elements">
      <UniqueIdentifier>{c8cd2f2f-72ea-4976-9d5c-724ac940c0b5}</UniqueIdentifier>
    </Filter>
    <Filter Include="Archivos de encabezado\Conversions">
      <UniqueIdentifier>{e785df5e-9168-40fd-a12f-66a41cc5edca}</UniqueIdentifier>
    </Filter>
    <Filter Include="Archivos de encabezado\Prebuilds">
      <UniqueIdentifier>{419bd1d5-7480-4234-b742-cc0f00b6d596}</UniqueIdentifier>
    </Filter>
    <Filter Include="Archivos de encabezado\Utils">
      <UniqueIdentifier>{e706cf28-d4b0-456f-856c-98a2cdcfb7cd}</UniqueIdentifier>
    </Filter>
    <Filter Include="Archivos de encabezado\Context">
      <UniqueIdentifier>{da6eef89-6592-48f3-96e8-c6475ec57a51}</UniqueIdentifier>
    </Filter>
  </ItemGroup>
  <ItemGroup>
    <ClInclude Include="QuantumEntity.h">
      <Filter>Archivos de encabezado\Elements</Filter>
    </ClInclude>
    <ClInclude Include="Electron.h">
      <Filter>Archivos de encabezado\Elements</Filter>
    </ClInclude>
    <ClInclude Include="Proton.h">
      <Filter>Archivos de encabezado\Elements</Filter>
    </ClInclude>
    <ClInclude Include="Atom.h">
      <Filter>Archivos de encabezado\Elements</Filter>
    </ClInclude>
    <ClInclude Include="ErrorMessages.h">
      <Filter>Archivos de encabezado\Prebuilds</Filter>
    </ClInclude>
    <ClInclude Include="Glfw.h">
      <Filter>Archivos de encabezado\Utils</Filter>
    </ClInclude>
    <ClInclude Include="Objects.h">
      <Filter>Archivos de encabezado\Elements</Filter>
    </ClInclude>
    <ClInclude Include="ProgramBuild.h">
      <Filter>Archivos de encabezado\Prebuilds</Filter>
    </ClInclude>
    <ClInclude Include="UtilObjects.h">
      <Filter>Archivos de encabezado\Elements</Filter>
    </ClInclude>
    <ClInclude Include="3dContext.h">
      <Filter>Archivos de encabezado\Context</Filter>
    </ClInclude>
  </ItemGroup>
  <ItemGroup>
    <ClCompile Include="Program.cpp">
      <Filter>Archivos de origen</Filter>
    </ClCompile>
  </ItemGroup>
  <ItemGroup>
    <None Include="fragment_core.ghl">
      <Filter>Archivos de recursos</Filter>
    </None>
    <None Include="vertex_core.ghl">
      <Filter>Archivos de recursos</Filter>
    </None>
  </ItemGroup>
</Project>